// !$*UTF8*$!
{
	archiveVersion = 1;
	classes = {
	};
	objectVersion = 46;
	objects = {

/* Begin PBXBuildFile section */
		4CB353741B1C030F00E36245 /* AppDelegate.swift in Sources */ = {isa = PBXBuildFile; fileRef = 4CB353731B1C030F00E36245 /* AppDelegate.swift */; };
		4CB353771B1C030F00E36245 /* Todait.xcdatamodeld in Sources */ = {isa = PBXBuildFile; fileRef = 4CB353751B1C030F00E36245 /* Todait.xcdatamodeld */; };
		4CB353791B1C030F00E36245 /* ViewController.swift in Sources */ = {isa = PBXBuildFile; fileRef = 4CB353781B1C030F00E36245 /* ViewController.swift */; };
		4CB3537C1B1C030F00E36245 /* Main.storyboard in Resources */ = {isa = PBXBuildFile; fileRef = 4CB3537A1B1C030F00E36245 /* Main.storyboard */; };
		4CB3537E1B1C030F00E36245 /* Images.xcassets in Resources */ = {isa = PBXBuildFile; fileRef = 4CB3537D1B1C030F00E36245 /* Images.xcassets */; };
		4CB353811B1C030F00E36245 /* LaunchScreen.xib in Resources */ = {isa = PBXBuildFile; fileRef = 4CB3537F1B1C030F00E36245 /* LaunchScreen.xib */; };
		4CB3538D1B1C030F00E36245 /* TodaitTests.swift in Sources */ = {isa = PBXBuildFile; fileRef = 4CB3538C1B1C030F00E36245 /* TodaitTests.swift */; };
		4CB353971B1C056D00E36245 /* ios in Resources */ = {isa = PBXBuildFile; fileRef = 4CB353961B1C056D00E36245 /* ios */; };
		4CB353991B1C079200E36245 /* BasicViewController.swift in Sources */ = {isa = PBXBuildFile; fileRef = 4CB353981B1C079200E36245 /* BasicViewController.swift */; };
		4CB3539B1B1C08EE00E36245 /* MainViewController.swift in Sources */ = {isa = PBXBuildFile; fileRef = 4CB3539A1B1C08EE00E36245 /* MainViewController.swift */; };
		4CB3539D1B1C0ADB00E36245 /* TodaitNavigationBar.swift in Sources */ = {isa = PBXBuildFile; fileRef = 4CB3539C1B1C0ADB00E36245 /* TodaitNavigationBar.swift */; };
		4CB3539F1B1C218700E36245 /* UIColorExtension.swift in Sources */ = {isa = PBXBuildFile; fileRef = 4CB3539E1B1C218700E36245 /* UIColorExtension.swift */; };
		4CB353A11B1C2A0D00E36245 /* AimTableViewCell.swift in Sources */ = {isa = PBXBuildFile; fileRef = 4CB353A01B1C2A0D00E36245 /* AimTableViewCell.swift */; };
		4CB353A31B1C399F00E36245 /* UIImageExtension.swift in Sources */ = {isa = PBXBuildFile; fileRef = 4CB353A21B1C399F00E36245 /* UIImageExtension.swift */; };
		4CB353A51B1C402B00E36245 /* setting.png in Resources */ = {isa = PBXBuildFile; fileRef = 4CB353A41B1C402B00E36245 /* setting.png */; };
		4CB353A71B1C41A700E36245 /* setting@2x.png in Resources */ = {isa = PBXBuildFile; fileRef = 4CB353A61B1C41A700E36245 /* setting@2x.png */; };
		4CB353A91B1C41F900E36245 /* SettingViewController.swift in Sources */ = {isa = PBXBuildFile; fileRef = 4CB353A81B1C41F900E36245 /* SettingViewController.swift */; };
		4CB353AB1B1C48C100E36245 /* back@3x.png in Resources */ = {isa = PBXBuildFile; fileRef = 4CB353AA1B1C48C100E36245 /* back@3x.png */; };
		4CB353AD1B1C500F00E36245 /* ParallelHeaderView.swift in Sources */ = {isa = PBXBuildFile; fileRef = 4CB353AC1B1C500F00E36245 /* ParallelHeaderView.swift */; };
		4CB353AF1B1C544000E36245 /* test.png in Resources */ = {isa = PBXBuildFile; fileRef = 4CB353AE1B1C544000E36245 /* test.png */; };
		4CB353B11B1C562100E36245 /* NewAimViewController.swift in Sources */ = {isa = PBXBuildFile; fileRef = 4CB353B01B1C562100E36245 /* NewAimViewController.swift */; };
/* End PBXBuildFile section */

/* Begin PBXContainerItemProxy section */
		4CB353871B1C030F00E36245 /* PBXContainerItemProxy */ = {
			isa = PBXContainerItemProxy;
			containerPortal = 4CB353661B1C030F00E36245 /* Project object */;
			proxyType = 1;
			remoteGlobalIDString = 4CB3536D1B1C030F00E36245;
			remoteInfo = Todait;
		};
/* End PBXContainerItemProxy section */

/* Begin PBXFileReference section */
		4CB3536E1B1C030F00E36245 /* Todait.app */ = {isa = PBXFileReference; explicitFileType = wrapper.application; includeInIndex = 0; path = Todait.app; sourceTree = BUILT_PRODUCTS_DIR; };
		4CB353721B1C030F00E36245 /* Info.plist */ = {isa = PBXFileReference; lastKnownFileType = text.plist.xml; path = Info.plist; sourceTree = "<group>"; };
		4CB353731B1C030F00E36245 /* AppDelegate.swift */ = {isa = PBXFileReference; lastKnownFileType = sourcecode.swift; path = AppDelegate.swift; sourceTree = "<group>"; };
		4CB353761B1C030F00E36245 /* Todait.xcdatamodel */ = {isa = PBXFileReference; lastKnownFileType = wrapper.xcdatamodel; path = Todait.xcdatamodel; sourceTree = "<group>"; };
		4CB353781B1C030F00E36245 /* ViewController.swift */ = {isa = PBXFileReference; lastKnownFileType = sourcecode.swift; path = ViewController.swift; sourceTree = "<group>"; };
		4CB3537B1B1C030F00E36245 /* Base */ = {isa = PBXFileReference; lastKnownFileType = file.storyboard; name = Base; path = Base.lproj/Main.storyboard; sourceTree = "<group>"; };
		4CB3537D1B1C030F00E36245 /* Images.xcassets */ = {isa = PBXFileReference; lastKnownFileType = folder.assetcatalog; path = Images.xcassets; sourceTree = "<group>"; };
		4CB353801B1C030F00E36245 /* Base */ = {isa = PBXFileReference; lastKnownFileType = file.xib; name = Base; path = Base.lproj/LaunchScreen.xib; sourceTree = "<group>"; };
		4CB353861B1C030F00E36245 /* TodaitTests.xctest */ = {isa = PBXFileReference; explicitFileType = wrapper.cfbundle; includeInIndex = 0; path = TodaitTests.xctest; sourceTree = BUILT_PRODUCTS_DIR; };
		4CB3538B1B1C030F00E36245 /* Info.plist */ = {isa = PBXFileReference; lastKnownFileType = text.plist.xml; path = Info.plist; sourceTree = "<group>"; };
		4CB3538C1B1C030F00E36245 /* TodaitTests.swift */ = {isa = PBXFileReference; lastKnownFileType = sourcecode.swift; path = TodaitTests.swift; sourceTree = "<group>"; };
		4CB353961B1C056D00E36245 /* ios */ = {isa = PBXFileReference; lastKnownFileType = folder; path = ios; sourceTree = "<group>"; };
		4CB353981B1C079200E36245 /* BasicViewController.swift */ = {isa = PBXFileReference; fileEncoding = 4; lastKnownFileType = sourcecode.swift; path = BasicViewController.swift; sourceTree = "<group>"; };
		4CB3539A1B1C08EE00E36245 /* MainViewController.swift */ = {isa = PBXFileReference; fileEncoding = 4; lastKnownFileType = sourcecode.swift; path = MainViewController.swift; sourceTree = "<group>"; };
		4CB3539C1B1C0ADB00E36245 /* TodaitNavigationBar.swift */ = {isa = PBXFileReference; fileEncoding = 4; lastKnownFileType = sourcecode.swift; path = TodaitNavigationBar.swift; sourceTree = "<group>"; };
		4CB3539E1B1C218700E36245 /* UIColorExtension.swift */ = {isa = PBXFileReference; fileEncoding = 4; lastKnownFileType = sourcecode.swift; path = UIColorExtension.swift; sourceTree = "<group>"; };
		4CB353A01B1C2A0D00E36245 /* AimTableViewCell.swift */ = {isa = PBXFileReference; fileEncoding = 4; lastKnownFileType = sourcecode.swift; path = AimTableViewCell.swift; sourceTree = "<group>"; };
		4CB353A21B1C399F00E36245 /* UIImageExtension.swift */ = {isa = PBXFileReference; fileEncoding = 4; lastKnownFileType = sourcecode.swift; path = UIImageExtension.swift; sourceTree = "<group>"; };
		4CB353A41B1C402B00E36245 /* setting.png */ = {isa = PBXFileReference; lastKnownFileType = image.png; path = setting.png; sourceTree = "<group>"; };
		4CB353A61B1C41A700E36245 /* setting@2x.png */ = {isa = PBXFileReference; lastKnownFileType = image.png; path = "setting@2x.png"; sourceTree = "<group>"; };
		4CB353A81B1C41F900E36245 /* SettingViewController.swift */ = {isa = PBXFileReference; fileEncoding = 4; lastKnownFileType = sourcecode.swift; path = SettingViewController.swift; sourceTree = "<group>"; };
		4CB353AA1B1C48C100E36245 /* back@3x.png */ = {isa = PBXFileReference; lastKnownFileType = image.png; path = "back@3x.png"; sourceTree = "<group>"; };
		4CB353AC1B1C500F00E36245 /* ParallelHeaderView.swift */ = {isa = PBXFileReference; fileEncoding = 4; lastKnownFileType = sourcecode.swift; path = ParallelHeaderView.swift; sourceTree = "<group>"; };
		4CB353AE1B1C544000E36245 /* test.png */ = {isa = PBXFileReference; lastKnownFileType = image.png; path = test.png; sourceTree = "<group>"; };
		4CB353B01B1C562100E36245 /* NewAimViewController.swift */ = {isa = PBXFileReference; fileEncoding = 4; lastKnownFileType = sourcecode.swift; path = NewAimViewController.swift; sourceTree = "<group>"; };
/* End PBXFileReference section */

/* Begin PBXFrameworksBuildPhase section */
		4CB3536B1B1C030F00E36245 /* Frameworks */ = {
			isa = PBXFrameworksBuildPhase;
			buildActionMask = 2147483647;
			files = (
			);
			runOnlyForDeploymentPostprocessing = 0;
		};
		4CB353831B1C030F00E36245 /* Frameworks */ = {
			isa = PBXFrameworksBuildPhase;
			buildActionMask = 2147483647;
			files = (
			);
			runOnlyForDeploymentPostprocessing = 0;
		};
/* End PBXFrameworksBuildPhase section */

/* Begin PBXGroup section */
		4CB353651B1C030F00E36245 = {
			isa = PBXGroup;
			children = (
				4CB353701B1C030F00E36245 /* Todait */,
				4CB353891B1C030F00E36245 /* TodaitTests */,
				4CB3536F1B1C030F00E36245 /* Products */,
			);
			sourceTree = "<group>";
		};
		4CB3536F1B1C030F00E36245 /* Products */ = {
			isa = PBXGroup;
			children = (
				4CB3536E1B1C030F00E36245 /* Todait.app */,
				4CB353861B1C030F00E36245 /* TodaitTests.xctest */,
			);
			name = Products;
			sourceTree = "<group>";
		};
		4CB353701B1C030F00E36245 /* Todait */ = {
			isa = PBXGroup;
			children = (
				4CB353731B1C030F00E36245 /* AppDelegate.swift */,
				4CB353781B1C030F00E36245 /* ViewController.swift */,
				4CB353981B1C079200E36245 /* BasicViewController.swift */,
				4CB3539A1B1C08EE00E36245 /* MainViewController.swift */,
				4CB353A81B1C41F900E36245 /* SettingViewController.swift */,
				4CB353B01B1C562100E36245 /* NewAimViewController.swift */,
				4CB353A01B1C2A0D00E36245 /* AimTableViewCell.swift */,
				4CB3539C1B1C0ADB00E36245 /* TodaitNavigationBar.swift */,
				4CB353AC1B1C500F00E36245 /* ParallelHeaderView.swift */,
				4CB3539E1B1C218700E36245 /* UIColorExtension.swift */,
				4CB353A21B1C399F00E36245 /* UIImageExtension.swift */,
				4CB3537A1B1C030F00E36245 /* Main.storyboard */,
				4CB353961B1C056D00E36245 /* ios */,
				4CB3537D1B1C030F00E36245 /* Images.xcassets */,
				4CB353A61B1C41A700E36245 /* setting@2x.png */,
				4CB353AA1B1C48C100E36245 /* back@3x.png */,
				4CB353AE1B1C544000E36245 /* test.png */,
				4CB353A41B1C402B00E36245 /* setting.png */,
				4CB3537F1B1C030F00E36245 /* LaunchScreen.xib */,
				4CB353751B1C030F00E36245 /* Todait.xcdatamodeld */,
				4CB353711B1C030F00E36245 /* Supporting Files */,
			);
			path = Todait;
			sourceTree = "<group>";
		};
		4CB353711B1C030F00E36245 /* Supporting Files */ = {
			isa = PBXGroup;
			children = (
				4CB353721B1C030F00E36245 /* Info.plist */,
			);
			name = "Supporting Files";
			sourceTree = "<group>";
		};
		4CB353891B1C030F00E36245 /* TodaitTests */ = {
			isa = PBXGroup;
			children = (
				4CB3538C1B1C030F00E36245 /* TodaitTests.swift */,
				4CB3538A1B1C030F00E36245 /* Supporting Files */,
			);
			path = TodaitTests;
			sourceTree = "<group>";
		};
		4CB3538A1B1C030F00E36245 /* Supporting Files */ = {
			isa = PBXGroup;
			children = (
				4CB3538B1B1C030F00E36245 /* Info.plist */,
			);
			name = "Supporting Files";
			sourceTree = "<group>";
		};
/* End PBXGroup section */

/* Begin PBXNativeTarget section */
		4CB3536D1B1C030F00E36245 /* Todait */ = {
			isa = PBXNativeTarget;
			buildConfigurationList = 4CB353901B1C030F00E36245 /* Build configuration list for PBXNativeTarget "Todait" */;
			buildPhases = (
				4CB3536A1B1C030F00E36245 /* Sources */,
				4CB3536B1B1C030F00E36245 /* Frameworks */,
				4CB3536C1B1C030F00E36245 /* Resources */,
			);
			buildRules = (
			);
			dependencies = (
			);
			name = Todait;
			productName = Todait;
			productReference = 4CB3536E1B1C030F00E36245 /* Todait.app */;
			productType = "com.apple.product-type.application";
		};
		4CB353851B1C030F00E36245 /* TodaitTests */ = {
			isa = PBXNativeTarget;
			buildConfigurationList = 4CB353931B1C030F00E36245 /* Build configuration list for PBXNativeTarget "TodaitTests" */;
			buildPhases = (
				4CB353821B1C030F00E36245 /* Sources */,
				4CB353831B1C030F00E36245 /* Frameworks */,
				4CB353841B1C030F00E36245 /* Resources */,
			);
			buildRules = (
			);
			dependencies = (
				4CB353881B1C030F00E36245 /* PBXTargetDependency */,
			);
			name = TodaitTests;
			productName = TodaitTests;
			productReference = 4CB353861B1C030F00E36245 /* TodaitTests.xctest */;
			productType = "com.apple.product-type.bundle.unit-test";
		};
/* End PBXNativeTarget section */

/* Begin PBXProject section */
		4CB353661B1C030F00E36245 /* Project object */ = {
			isa = PBXProject;
			attributes = {
				LastUpgradeCheck = 0630;
				ORGANIZATIONNAME = GpleLab;
				TargetAttributes = {
					4CB3536D1B1C030F00E36245 = {
						CreatedOnToolsVersion = 6.3;
					};
					4CB353851B1C030F00E36245 = {
						CreatedOnToolsVersion = 6.3;
						TestTargetID = 4CB3536D1B1C030F00E36245;
					};
				};
			};
			buildConfigurationList = 4CB353691B1C030F00E36245 /* Build configuration list for PBXProject "Todait" */;
			compatibilityVersion = "Xcode 3.2";
			developmentRegion = English;
			hasScannedForEncodings = 0;
			knownRegions = (
				en,
				Base,
			);
			mainGroup = 4CB353651B1C030F00E36245;
			productRefGroup = 4CB3536F1B1C030F00E36245 /* Products */;
			projectDirPath = "";
			projectRoot = "";
			targets = (
				4CB3536D1B1C030F00E36245 /* Todait */,
				4CB353851B1C030F00E36245 /* TodaitTests */,
			);
		};
/* End PBXProject section */

/* Begin PBXResourcesBuildPhase section */
		4CB3536C1B1C030F00E36245 /* Resources */ = {
			isa = PBXResourcesBuildPhase;
			buildActionMask = 2147483647;
			files = (
				4CB3537C1B1C030F00E36245 /* Main.storyboard in Resources */,
				4CB353811B1C030F00E36245 /* LaunchScreen.xib in Resources */,
				4CB353971B1C056D00E36245 /* ios in Resources */,
				4CB353AF1B1C544000E36245 /* test.png in Resources */,
				4CB353A51B1C402B00E36245 /* setting.png in Resources */,
				4CB353AB1B1C48C100E36245 /* back@3x.png in Resources */,
				4CB3537E1B1C030F00E36245 /* Images.xcassets in Resources */,
				4CB353A71B1C41A700E36245 /* setting@2x.png in Resources */,
			);
			runOnlyForDeploymentPostprocessing = 0;
		};
		4CB353841B1C030F00E36245 /* Resources */ = {
			isa = PBXResourcesBuildPhase;
			buildActionMask = 2147483647;
			files = (
			);
			runOnlyForDeploymentPostprocessing = 0;
		};
/* End PBXResourcesBuildPhase section */

/* Begin PBXSourcesBuildPhase section */
		4CB3536A1B1C030F00E36245 /* Sources */ = {
			isa = PBXSourcesBuildPhase;
			buildActionMask = 2147483647;
			files = (
				4CB353791B1C030F00E36245 /* ViewController.swift in Sources */,
				4CB3539F1B1C218700E36245 /* UIColorExtension.swift in Sources */,
				4CB353991B1C079200E36245 /* BasicViewController.swift in Sources */,
				4CB353A11B1C2A0D00E36245 /* AimTableViewCell.swift in Sources */,
				4CB3539D1B1C0ADB00E36245 /* TodaitNavigationBar.swift in Sources */,
				4CB353B11B1C562100E36245 /* NewAimViewController.swift in Sources */,
				4CB353A91B1C41F900E36245 /* SettingViewController.swift in Sources */,
				4CB353AD1B1C500F00E36245 /* ParallelHeaderView.swift in Sources */,
				4CB353A31B1C399F00E36245 /* UIImageExtension.swift in Sources */,
				4CB353771B1C030F00E36245 /* Todait.xcdatamodeld in Sources */,
				4CB353741B1C030F00E36245 /* AppDelegate.swift in Sources */,
				4CB3539B1B1C08EE00E36245 /* MainViewController.swift in Sources */,
			);
			runOnlyForDeploymentPostprocessing = 0;
		};
		4CB353821B1C030F00E36245 /* Sources */ = {
			isa = PBXSourcesBuildPhase;
			buildActionMask = 2147483647;
			files = (
				4CB3538D1B1C030F00E36245 /* TodaitTests.swift in Sources */,
			);
			runOnlyForDeploymentPostprocessing = 0;
		};
/* End PBXSourcesBuildPhase section */

/* Begin PBXTargetDependency section */
		4CB353881B1C030F00E36245 /* PBXTargetDependency */ = {
			isa = PBXTargetDependency;
			target = 4CB3536D1B1C030F00E36245 /* Todait */;
			targetProxy = 4CB353871B1C030F00E36245 /* PBXContainerItemProxy */;
		};
/* End PBXTargetDependency section */

/* Begin PBXVariantGroup section */
		4CB3537A1B1C030F00E36245 /* Main.storyboard */ = {
			isa = PBXVariantGroup;
			children = (
				4CB3537B1B1C030F00E36245 /* Base */,
			);
			name = Main.storyboard;
			sourceTree = "<group>";
		};
		4CB3537F1B1C030F00E36245 /* LaunchScreen.xib */ = {
			isa = PBXVariantGroup;
			children = (
				4CB353801B1C030F00E36245 /* Base */,
			);
			name = LaunchScreen.xib;
			sourceTree = "<group>";
		};
/* End PBXVariantGroup section */

/* Begin XCBuildConfiguration section */
		4CB3538E1B1C030F00E36245 /* Debug */ = {
			isa = XCBuildConfiguration;
			buildSettings = {
				ALWAYS_SEARCH_USER_PATHS = NO;
				CLANG_CXX_LANGUAGE_STANDARD = "gnu++0x";
				CLANG_CXX_LIBRARY = "libc++";
				CLANG_ENABLE_MODULES = YES;
				CLANG_ENABLE_OBJC_ARC = YES;
				CLANG_WARN_BOOL_CONVERSION = YES;
				CLANG_WARN_CONSTANT_CONVERSION = YES;
				CLANG_WARN_DIRECT_OBJC_ISA_USAGE = YES_ERROR;
				CLANG_WARN_EMPTY_BODY = YES;
				CLANG_WARN_ENUM_CONVERSION = YES;
				CLANG_WARN_INT_CONVERSION = YES;
				CLANG_WARN_OBJC_ROOT_CLASS = YES_ERROR;
				CLANG_WARN_UNREACHABLE_CODE = YES;
				CLANG_WARN__DUPLICATE_METHOD_MATCH = YES;
				"CODE_SIGN_IDENTITY[sdk=iphoneos*]" = "iPhone Developer";
				COPY_PHASE_STRIP = NO;
				DEBUG_INFORMATION_FORMAT = "dwarf-with-dsym";
				ENABLE_STRICT_OBJC_MSGSEND = YES;
				GCC_C_LANGUAGE_STANDARD = gnu99;
				GCC_DYNAMIC_NO_PIC = NO;
				GCC_NO_COMMON_BLOCKS = YES;
				GCC_OPTIMIZATION_LEVEL = 0;
				GCC_PREPROCESSOR_DEFINITIONS = (
					"DEBUG=1",
					"$(inherited)",
				);
				GCC_SYMBOLS_PRIVATE_EXTERN = NO;
				GCC_WARN_64_TO_32_BIT_CONVERSION = YES;
				GCC_WARN_ABOUT_RETURN_TYPE = YES_ERROR;
				GCC_WARN_UNDECLARED_SELECTOR = YES;
				GCC_WARN_UNINITIALIZED_AUTOS = YES_AGGRESSIVE;
				GCC_WARN_UNUSED_FUNCTION = YES;
				GCC_WARN_UNUSED_VARIABLE = YES;
				IPHONEOS_DEPLOYMENT_TARGET = 8.3;
				MTL_ENABLE_DEBUG_INFO = YES;
				ONLY_ACTIVE_ARCH = YES;
				SDKROOT = iphoneos;
				SWIFT_OPTIMIZATION_LEVEL = "-Onone";
			};
			name = Debug;
		};
		4CB3538F1B1C030F00E36245 /* Release */ = {
			isa = XCBuildConfiguration;
			buildSettings = {
				ALWAYS_SEARCH_USER_PATHS = NO;
				CLANG_CXX_LANGUAGE_STANDARD = "gnu++0x";
				CLANG_CXX_LIBRARY = "libc++";
				CLANG_ENABLE_MODULES = YES;
				CLANG_ENABLE_OBJC_ARC = YES;
				CLANG_WARN_BOOL_CONVERSION = YES;
				CLANG_WARN_CONSTANT_CONVERSION = YES;
				CLANG_WARN_DIRECT_OBJC_ISA_USAGE = YES_ERROR;
				CLANG_WARN_EMPTY_BODY = YES;
				CLANG_WARN_ENUM_CONVERSION = YES;
				CLANG_WARN_INT_CONVERSION = YES;
				CLANG_WARN_OBJC_ROOT_CLASS = YES_ERROR;
				CLANG_WARN_UNREACHABLE_CODE = YES;
				CLANG_WARN__DUPLICATE_METHOD_MATCH = YES;
				"CODE_SIGN_IDENTITY[sdk=iphoneos*]" = "iPhone Developer";
				COPY_PHASE_STRIP = NO;
				DEBUG_INFORMATION_FORMAT = "dwarf-with-dsym";
				ENABLE_NS_ASSERTIONS = NO;
				ENABLE_STRICT_OBJC_MSGSEND = YES;
				GCC_C_LANGUAGE_STANDARD = gnu99;
				GCC_NO_COMMON_BLOCKS = YES;
				GCC_WARN_64_TO_32_BIT_CONVERSION = YES;
				GCC_WARN_ABOUT_RETURN_TYPE = YES_ERROR;
				GCC_WARN_UNDECLARED_SELECTOR = YES;
				GCC_WARN_UNINITIALIZED_AUTOS = YES_AGGRESSIVE;
				GCC_WARN_UNUSED_FUNCTION = YES;
				GCC_WARN_UNUSED_VARIABLE = YES;
				IPHONEOS_DEPLOYMENT_TARGET = 8.3;
				MTL_ENABLE_DEBUG_INFO = NO;
				SDKROOT = iphoneos;
				VALIDATE_PRODUCT = YES;
			};
			name = Release;
		};
		4CB353911B1C030F00E36245 /* Debug */ = {
			isa = XCBuildConfiguration;
			buildSettings = {
				ASSETCATALOG_COMPILER_APPICON_NAME = AppIcon;
				INFOPLIST_FILE = Todait/Info.plist;
				LD_RUNPATH_SEARCH_PATHS = "$(inherited) @executable_path/Frameworks";
				PRODUCT_NAME = "$(TARGET_NAME)";
			};
			name = Debug;
		};
		4CB353921B1C030F00E36245 /* Release */ = {
			isa = XCBuildConfiguration;
			buildSettings = {
				ASSETCATALOG_COMPILER_APPICON_NAME = AppIcon;
				INFOPLIST_FILE = Todait/Info.plist;
				LD_RUNPATH_SEARCH_PATHS = "$(inherited) @executable_path/Frameworks";
				PRODUCT_NAME = "$(TARGET_NAME)";
			};
			name = Release;
		};
		4CB353941B1C030F00E36245 /* Debug */ = {
			isa = XCBuildConfiguration;
			buildSettings = {
				BUNDLE_LOADER = "$(TEST_HOST)";
				FRAMEWORK_SEARCH_PATHS = (
					"$(SDKROOT)/Developer/Library/Frameworks",
					"$(inherited)",
				);
				GCC_PREPROCESSOR_DEFINITIONS = (
					"DEBUG=1",
					"$(inherited)",
				);
				INFOPLIST_FILE = TodaitTests/Info.plist;
				LD_RUNPATH_SEARCH_PATHS = "$(inherited) @executable_path/Frameworks @loader_path/Frameworks";
				PRODUCT_NAME = "$(TARGET_NAME)";
				TEST_HOST = "$(BUILT_PRODUCTS_DIR)/Todait.app/Todait";
			};
			name = Debug;
		};
		4CB353951B1C030F00E36245 /* Release */ = {
			isa = XCBuildConfiguration;
			buildSettings = {
				BUNDLE_LOADER = "$(TEST_HOST)";
				FRAMEWORK_SEARCH_PATHS = (
					"$(SDKROOT)/Developer/Library/Frameworks",
					"$(inherited)",
				);
				INFOPLIST_FILE = TodaitTests/Info.plist;
				LD_RUNPATH_SEARCH_PATHS = "$(inherited) @executable_path/Frameworks @loader_path/Frameworks";
				PRODUCT_NAME = "$(TARGET_NAME)";
				TEST_HOST = "$(BUILT_PRODUCTS_DIR)/Todait.app/Todait";
			};
			name = Release;
		};
/* End XCBuildConfiguration section */

/* Begin XCConfigurationList section */
		4CB353691B1C030F00E36245 /* Build configuration list for PBXProject "Todait" */ = {
			isa = XCConfigurationList;
			buildConfigurations = (
				4CB3538E1B1C030F00E36245 /* Debug */,
				4CB3538F1B1C030F00E36245 /* Release */,
			);
			defaultConfigurationIsVisible = 0;
			defaultConfigurationName = Release;
		};
		4CB353901B1C030F00E36245 /* Build configuration list for PBXNativeTarget "Todait" */ = {
			isa = XCConfigurationList;
			buildConfigurations = (
				4CB353911B1C030F00E36245 /* Debug */,
				4CB353921B1C030F00E36245 /* Release */,
			);
			defaultConfigurationIsVisible = 0;
		};
		4CB353931B1C030F00E36245 /* Build configuration list for PBXNativeTarget "TodaitTests" */ = {
			isa = XCConfigurationList;
			buildConfigurations = (
				4CB353941B1C030F00E36245 /* Debug */,
				4CB353951B1C030F00E36245 /* Release */,
			);
			defaultConfigurationIsVisible = 0;
		};
/* End XCConfigurationList section */

/* Begin XCVersionGroup section */
		4CB353751B1C030F00E36245 /* Todait.xcdatamodeld */ = {
			isa = XCVersionGroup;
			children = (
				4CB353761B1C030F00E36245 /* Todait.xcdatamodel */,
			);
			currentVersion = 4CB353761B1C030F00E36245 /* Todait.xcdatamodel */;
			path = Todait.xcdatamodeld;
			sourceTree = "<group>";
			versionGroupType = wrapper.xcdatamodel;
		};
/* End XCVersionGroup section */
	};
	rootObject = 4CB353661B1C030F00E36245 /* Project object */;
}
